
Microsoft Visual Studio Solution File, Format Version 12.00
# Visual Studio Version 17
VisualStudioVersion = 17.13.35931.197 d17.13
MinimumVisualStudioVersion = 10.0.40219.1
Project("{FAE04EC0-301F-11D3-BF4B-00C04F79EFBC}") = "Lab05LibZavd", "Lab05LibZavd.csproj", "{6E6BD2AC-ECD7-4B23-9C82-625C298DE3A4}"
EndProject
Project("{FAE04EC0-301F-11D3-BF4B-00C04F79EFBC}") = "Lab05Zavd", "..\Lab05Zavd\Lab05Zavd.csproj", "{67B5BFBC-A462-4637-8854-C4F6C5DB79C3}"
EndProject
Global
	GlobalSection(SolutionConfigurationPlatforms) = preSolution
		Debug|Any CPU = Debug|Any CPU
		Release|Any CPU = Release|Any CPU
	EndGlobalSection
	GlobalSection(ProjectConfigurationPlatforms) = postSolution
		{6E6BD2AC-ECD7-4B23-9C82-625C298DE3A4}.Debug|Any CPU.ActiveCfg = Debug|Any CPU
		{6E6BD2AC-ECD7-4B23-9C82-625C298DE3A4}.Debug|Any CPU.Build.0 = Debug|Any CPU
		{6E6BD2AC-ECD7-4B23-9C82-625C298DE3A4}.Release|Any CPU.ActiveCfg = Release|Any CPU
		{6E6BD2AC-ECD7-4B23-9C82-625C298DE3A4}.Release|Any CPU.Build.0 = Release|Any CPU
		{67B5BFBC-A462-4637-8854-C4F6C5DB79C3}.Debug|Any CPU.ActiveCfg = Debug|Any CPU
		{67B5BFBC-A462-4637-8854-C4F6C5DB79C3}.Debug|Any CPU.Build.0 = Debug|Any CPU
		{67B5BFBC-A462-4637-8854-C4F6C5DB79C3}.Release|Any CPU.ActiveCfg = Release|Any CPU
		{67B5BFBC-A462-4637-8854-C4F6C5DB79C3}.Release|Any CPU.Build.0 = Release|Any CPU
	EndGlobalSection
	GlobalSection(SolutionProperties) = preSolution
		HideSolutionNode = FALSE
	EndGlobalSection
	GlobalSection(ExtensibilityGlobals) = postSolution
		SolutionGuid = {6E472C5C-C330-4E3B-8309-77959E2F71E3}
	EndGlobalSection
EndGlobal
